
Microsoft Visual Studio Solution File, Format Version 12.00
# Visual Studio Version 17
VisualStudioVersion = 17.0.32126.317
MinimumVisualStudioVersion = 10.0.40219.1
Project("{FAE04EC0-301F-11D3-BF4B-00C04F79EFBC}") = "UserRegisteration", "UserRegisteration.csproj", "{660AFB0F-3AAF-4155-88EA-A7F137BB6BB5}"
EndProject
Global
	GlobalSection(SolutionConfigurationPlatforms) = preSolution
		Debug|Any CPU = Debug|Any CPU
		Release|Any CPU = Release|Any CPU
	EndGlobalSection
	GlobalSection(ProjectConfigurationPlatforms) = postSolution
		{660AFB0F-3AAF-4155-88EA-A7F137BB6BB5}.Debug|Any CPU.ActiveCfg = Debug|Any CPU
		{660AFB0F-3AAF-4155-88EA-A7F137BB6BB5}.Debug|Any CPU.Build.0 = Debug|Any CPU
		{660AFB0F-3AAF-4155-88EA-A7F137BB6BB5}.Release|Any CPU.ActiveCfg = Release|Any CPU
		{660AFB0F-3AAF-4155-88EA-A7F137BB6BB5}.Release|Any CPU.Build.0 = Release|Any CPU
	EndGlobalSection
	GlobalSection(SolutionProperties) = preSolution
		HideSolutionNode = FALSE
	EndGlobalSection
	GlobalSection(ExtensibilityGlobals) = postSolution
		SolutionGuid = {64367654-69C6-4BF4-9CB2-07C7DC720E8A}
	EndGlobalSection
EndGlobal
